
Microsoft Visual Studio Solution File, Format Version 12.00
# Visual Studio Version 17
VisualStudioVersion = 17.1.32210.238
MinimumVisualStudioVersion = 10.0.40219.1
Project("{9A19103F-16F7-4668-BE54-9A1E7A4F7556}") = "Development opdracht", "Development opdracht\Development opdracht.csproj", "{B285584D-22B9-4C2D-B4B7-521BA0FB7E30}"
EndProject
Project("{FAE04EC0-301F-11D3-BF4B-00C04F79EFBC}") = "Development opdracht tests", "Development opdracht tests\Development opdracht tests.csproj", "{C4041FAB-7524-4C03-B63D-D4C353036F65}"
EndProject
Global
	GlobalSection(SolutionConfigurationPlatforms) = preSolution
		Debug|Any CPU = Debug|Any CPU
		Release|Any CPU = Release|Any CPU
	EndGlobalSection
	GlobalSection(ProjectConfigurationPlatforms) = postSolution
		{B285584D-22B9-4C2D-B4B7-521BA0FB7E30}.Debug|Any CPU.ActiveCfg = Debug|Any CPU
		{B285584D-22B9-4C2D-B4B7-521BA0FB7E30}.Debug|Any CPU.Build.0 = Debug|Any CPU
		{B285584D-22B9-4C2D-B4B7-521BA0FB7E30}.Release|Any CPU.ActiveCfg = Release|Any CPU
		{B285584D-22B9-4C2D-B4B7-521BA0FB7E30}.Release|Any CPU.Build.0 = Release|Any CPU
		{C4041FAB-7524-4C03-B63D-D4C353036F65}.Debug|Any CPU.ActiveCfg = Debug|Any CPU
		{C4041FAB-7524-4C03-B63D-D4C353036F65}.Debug|Any CPU.Build.0 = Debug|Any CPU
		{C4041FAB-7524-4C03-B63D-D4C353036F65}.Release|Any CPU.ActiveCfg = Release|Any CPU
		{C4041FAB-7524-4C03-B63D-D4C353036F65}.Release|Any CPU.Build.0 = Release|Any CPU
	EndGlobalSection
	GlobalSection(SolutionProperties) = preSolution
		HideSolutionNode = FALSE
	EndGlobalSection
	GlobalSection(ExtensibilityGlobals) = postSolution
		SolutionGuid = {46327AB5-7E17-42A9-BA02-9AD77F041BA1}
	EndGlobalSection
EndGlobal
